
Microsoft Visual Studio Solution File, Format Version 12.00
# Visual Studio Version 16
VisualStudioVersion = 16.0.31321.278
MinimumVisualStudioVersion = 10.0.40219.1
Project("{FAE04EC0-301F-11D3-BF4B-00C04F79EFBC}") = "ControlAtuZap", "ControlAtuZap\ControlAtuZap.csproj", "{17B606BF-1233-4CBC-B836-59B42A02BC0E}"
EndProject
Global
	GlobalSection(SolutionConfigurationPlatforms) = preSolution
		Debug|Any CPU = Debug|Any CPU
		Release|Any CPU = Release|Any CPU
	EndGlobalSection
	GlobalSection(ProjectConfigurationPlatforms) = postSolution
		{17B606BF-1233-4CBC-B836-59B42A02BC0E}.Debug|Any CPU.ActiveCfg = Debug|Any CPU
		{17B606BF-1233-4CBC-B836-59B42A02BC0E}.Debug|Any CPU.Build.0 = Debug|Any CPU
		{17B606BF-1233-4CBC-B836-59B42A02BC0E}.Release|Any CPU.ActiveCfg = Release|Any CPU
		{17B606BF-1233-4CBC-B836-59B42A02BC0E}.Release|Any CPU.Build.0 = Release|Any CPU
	EndGlobalSection
	GlobalSection(SolutionProperties) = preSolution
		HideSolutionNode = FALSE
	EndGlobalSection
	GlobalSection(ExtensibilityGlobals) = postSolution
		SolutionGuid = {2BD8DC08-34D6-4C34-B31E-28431A06A9E6}
	EndGlobalSection
EndGlobal
